github.com/gin-gonic/gin v1.10.0 h1:nTuyha1TYqgedzytsKYqna+DfLos46nTv2ygFy86HFU=
github.com/gin-gonic/gin v1.10.0/go.mod h1:4PMNQiOhvDRa013RKVbsiNwoyezlm2rm0uX/T7kzp5Y=
github.com/golang-jwt/jwt/v5 v5.2.1 h1:OuVbFODueb089Lh128TAcTb68+MzC7/37uj7AohBe6Q=
github.com/golang-jwt/jwt/v5 v5.2.1/go.mod h1:pqrtFR0X4osieyHYxtmOUWsAWrfe1Q5UVIyoH402zdk=
gorm.io/gorm v1.25.12 h1:cpGSwck6GkINwMsl8ZMYTlMNpLVy9qoocuMbKLK+GFg=
gorm.io/gorm v1.25.12/go.mod h1:xh7N7RHfYlNc5EmcI/El95gXusucDrQnHXe0+CgWcLQ=
gorm.io/driver/postgres v1.5.9 h1:DkegZSOhBs0WR69mXaBIgylX1IjkBKX5Rp5uyf31FkU=
gorm.io/driver/postgres v1.5.9/go.mod h1:DX3GReXH+3FPWGrrgffdvCk3DQ1dwDPdrl5PVAz2XhU=
github.com/rs/cors v1.11.1 h1:eU3gRzXLRK57F5rKMGMZURNdIG4EoAmX8k94r9wXWHA=
github.com/rs/cors v1.11.1/go.mod h1:XyqrcTp5zjWr1wsJ8PIRZssZ8b/WMcMf71DJnit4EMU=
go.uber.org/zap v1.27.0 h1:aJMhYGrd5QSmlpLMr2MftRKl7t8J8PTZPA732ud/XR8=
go.uber.org/zap v1.27.0/go.mod h1:7jY+UtEakPOGElmoLVEeSEAgSHvBWFQdcAB/z2FELY4=
